PODS:
  - Realm (10.2.0):
    - Realm/Headers (= 10.2.0)
  - Realm/Headers (10.2.0)
  - RealmInAppBrowser (0.1.0):
    - Realm
    - RealmSwift (>= 4.4.1)
  - RealmSwift (10.2.0):
    - Realm (= 10.2.0)

DEPENDENCIES:
  - RealmInAppBrowser (from `../`)

SPEC REPOS:
  trunk:
    - Realm
    - RealmSwift

EXTERNAL SOURCES:
  RealmInAppBrowser:
    :path: "../"

SPEC CHECKSUMS:
  Realm: d7914ebf66bb182469726f997c4c38eff286aab0
  RealmInAppBrowser: 1c84bb24f4d2902e16efa4d83025784c709ab9b1
  RealmSwift: aad08b7dc8c732b7b5794286e9df83739bf834f1

PODFILE CHECKSUM: 7ad6f6b2f28ae9d825614d679c320e93ccf5461d

COCOAPODS: 1.10.0
